
Microsoft Visual Studio Solution File, Format Version 12.00
# Visual Studio Version 17
VisualStudioVersion = 17.14.36408.4 d17.14
MinimumVisualStudioVersion = 10.0.40219.1
Project("{54A90642-561A-4BB1-A94E-469ADEE60C69}") = "Application-Accounting", "Application-Accounting.esproj", "{DF30DFEB-E614-BAB6-1EE3-7296065994E7}"
EndProject
Global
	GlobalSection(SolutionConfigurationPlatforms) = preSolution
		Debug|Any CPU = Debug|Any CPU
		Release|Any CPU = Release|Any CPU
	EndGlobalSection
	GlobalSection(ProjectConfigurationPlatforms) = postSolution
		{DF30DFEB-E614-BAB6-1EE3-7296065994E7}.Debug|Any CPU.ActiveCfg = Debug|Any CPU
		{DF30DFEB-E614-BAB6-1EE3-7296065994E7}.Debug|Any CPU.Build.0 = Debug|Any CPU
		{DF30DFEB-E614-BAB6-1EE3-7296065994E7}.Debug|Any CPU.Deploy.0 = Debug|Any CPU
		{DF30DFEB-E614-BAB6-1EE3-7296065994E7}.Release|Any CPU.ActiveCfg = Release|Any CPU
		{DF30DFEB-E614-BAB6-1EE3-7296065994E7}.Release|Any CPU.Build.0 = Release|Any CPU
		{DF30DFEB-E614-BAB6-1EE3-7296065994E7}.Release|Any CPU.Deploy.0 = Release|Any CPU
	EndGlobalSection
	GlobalSection(SolutionProperties) = preSolution
		HideSolutionNode = FALSE
	EndGlobalSection
	GlobalSection(ExtensibilityGlobals) = postSolution
		SolutionGuid = {9721F7D1-75F5-4452-923E-FD35DE813D4A}
	EndGlobalSection
EndGlobal
